github.com/caarlos0/env/v10 v10.0.0 h1:yIHUBZGsyqCnpTkbjk8asUlx6RFhhEs+h7TOBdgdzXA=
github.com/caarlos0/env/v10 v10.0.0/go.mod h1:ZfulV76NvVPw3tm591U4SwL3Xx9ldzBP9aGxzeN7G18=
github.com/sashabaranov/go-openai v1.19.3 h1:xJvkU8Tye6MOKLaoqjh7qXYwKiEYGtlmp06cb8179yo=
github.com/sashabaranov/go-openai v1.19.3/go.mod h1:lj5b/K+zjTSFxVLijLSTDZuP7adOgerWeFyZLUhAKRg=
github.com/sashabaranov/go-openai v1.19.4 h1:GbaDiqvgYCabyqzuIbcEeT6/ZX1nVfur+++oTBfOgks=
github.com/sashabaranov/go-openai v1.19.4/go.mod h1:lj5b/K+zjTSFxVLijLSTDZuP7adOgerWeFyZLUhAKRg=
github.com/sashabaranov/go-openai v1.20.0 h1:r9WiwJY6Q2aPDhVyfOSKm83Gs04ogN1yaaBoQOnusS4=
github.com/sashabaranov/go-openai v1.20.0/go.mod h1:lj5b/K+zjTSFxVLijLSTDZuP7adOgerWeFyZLUhAKRg=
github.com/sashabaranov/go-openai v1.20.1 h1:cFnTixAtc0I0cCBFr8gkvEbGCm6Rjf2JyoVWCjXwy9g=
github.com/sashabaranov/go-openai v1.20.1/go.mod h1:lj5b/K+zjTSFxVLijLSTDZuP7adOgerWeFyZLUhAKRg=
github.com/sashabaranov/go-openai v1.20.2 h1:nilzF2EKzaHyK4Rk2Dbu/aJEZbtIvskDIXvfS4yx+6M=
github.com/sashabaranov/go-openai v1.20.2/go.mod h1:lj5b/K+zjTSFxVLijLSTDZuP7adOgerWeFyZLUhAKRg=
github.com/sashabaranov/go-openai v1.20.3 h1:JMhaSfE1mLznYIvlf8odxbyWGiFFGnQjyLw00I9R4fU=
github.com/sashabaranov/go-openai v1.20.3/go.mod h1:lj5b/K+zjTSFxVLijLSTDZuP7adOgerWeFyZLUhAKRg=
github.com/sashabaranov/go-openai v1.20.4 h1:095xQ/fAtRa0+Rj21sezVJABgKfGPNbyx/sAN/hJUmg=
github.com/sashabaranov/go-openai v1.20.4/go.mod h1:lj5b/K+zjTSFxVLijLSTDZuP7adOgerWeFyZLUhAKRg=
github.com/sashabaranov/go-openai v1.20.5 h1:Sab4nzBLtoyxm4jRqH9G9pkIh50WpBFacPTEpruPB6o=
github.com/sashabaranov/go-openai v1.20.5/go.mod h1:lj5b/K+zjTSFxVLijLSTDZuP7adOgerWeFyZLUhAKRg=
github.com/sashabaranov/go-openai v1.21.0 h1:isAf3zPSD3VLd0pC2/2Q6ZyRK7jzPAaz+X3rjsviaYQ=
github.com/sashabaranov/go-openai v1.21.0/go.mod h1:lj5b/K+zjTSFxVLijLSTDZuP7adOgerWeFyZLUhAKRg=
