github.com/caarlos0/env/v10 v10.0.0 h1:yIHUBZGsyqCnpTkbjk8asUlx6RFhhEs+h7TOBdgdzXA=
github.com/caarlos0/env/v10 v10.0.0/go.mod h1:ZfulV76NvVPw3tm591U4SwL3Xx9ldzBP9aGxzeN7G18=
github.com/caarlos0/env/v11 v11.0.0/go.mod h1:2RC3HQu8BQqtEK3V4iHPxj0jOdWdbPpWJ6pOueeU1xM=
github.com/caarlos0/env/v11 v11.0.1/go.mod h1:2RC3HQu8BQqtEK3V4iHPxj0jOdWdbPpWJ6pOueeU1xM=
github.com/caarlos0/env/v11 v11.1.0/go.mod h1:LwgkYk1kDvfGpHthrWWLof3Ny7PezzFwS4QrsJdHTMo=
github.com/sashabaranov/go-openai v1.19.3 h1:xJvkU8Tye6MOKLaoqjh7qXYwKiEYGtlmp06cb8179yo=
github.com/sashabaranov/go-openai v1.19.3/go.mod h1:lj5b/K+zjTSFxVLijLSTDZuP7adOgerWeFyZLUhAKRg=
github.com/sashabaranov/go-openai v1.19.4 h1:GbaDiqvgYCabyqzuIbcEeT6/ZX1nVfur+++oTBfOgks=
github.com/sashabaranov/go-openai v1.19.4/go.mod h1:lj5b/K+zjTSFxVLijLSTDZuP7adOgerWeFyZLUhAKRg=
github.com/sashabaranov/go-openai v1.20.0 h1:r9WiwJY6Q2aPDhVyfOSKm83Gs04ogN1yaaBoQOnusS4=
github.com/sashabaranov/go-openai v1.20.0/go.mod h1:lj5b/K+zjTSFxVLijLSTDZuP7adOgerWeFyZLUhAKRg=
github.com/sashabaranov/go-openai v1.20.1 h1:cFnTixAtc0I0cCBFr8gkvEbGCm6Rjf2JyoVWCjXwy9g=
github.com/sashabaranov/go-openai v1.20.1/go.mod h1:lj5b/K+zjTSFxVLijLSTDZuP7adOgerWeFyZLUhAKRg=
github.com/sashabaranov/go-openai v1.20.2 h1:nilzF2EKzaHyK4Rk2Dbu/aJEZbtIvskDIXvfS4yx+6M=
github.com/sashabaranov/go-openai v1.20.2/go.mod h1:lj5b/K+zjTSFxVLijLSTDZuP7adOgerWeFyZLUhAKRg=
github.com/sashabaranov/go-openai v1.20.3 h1:JMhaSfE1mLznYIvlf8odxbyWGiFFGnQjyLw00I9R4fU=
github.com/sashabaranov/go-openai v1.20.3/go.mod h1:lj5b/K+zjTSFxVLijLSTDZuP7adOgerWeFyZLUhAKRg=
github.com/sashabaranov/go-openai v1.20.4 h1:095xQ/fAtRa0+Rj21sezVJABgKfGPNbyx/sAN/hJUmg=
github.com/sashabaranov/go-openai v1.20.4/go.mod h1:lj5b/K+zjTSFxVLijLSTDZuP7adOgerWeFyZLUhAKRg=
github.com/sashabaranov/go-openai v1.20.5 h1:Sab4nzBLtoyxm4jRqH9G9pkIh50WpBFacPTEpruPB6o=
github.com/sashabaranov/go-openai v1.20.5/go.mod h1:lj5b/K+zjTSFxVLijLSTDZuP7adOgerWeFyZLUhAKRg=
github.com/sashabaranov/go-openai v1.21.0 h1:isAf3zPSD3VLd0pC2/2Q6ZyRK7jzPAaz+X3rjsviaYQ=
github.com/sashabaranov/go-openai v1.21.0/go.mod h1:lj5b/K+zjTSFxVLijLSTDZuP7adOgerWeFyZLUhAKRg=
github.com/sashabaranov/go-openai v1.22.0 h1:bjYkELQCbOBMW9B7zi/KA5L4syPfn/3qRvUoyV49Fvs=
github.com/sashabaranov/go-openai v1.22.0/go.mod h1:lj5b/K+zjTSFxVLijLSTDZuP7adOgerWeFyZLUhAKRg=
github.com/sashabaranov/go-openai v1.23.0 h1:KYW97r5yc35PI2MxeLZ3OofecB/6H+yxvSNqiT9u8is=
github.com/sashabaranov/go-openai v1.23.0/go.mod h1:lj5b/K+zjTSFxVLijLSTDZuP7adOgerWeFyZLUhAKRg=
github.com/sashabaranov/go-openai v1.23.1 h1:b2IsEG9+BdJ3f6G3gGu9Lon2Mw/C0aYqME3YzwBHcls=
github.com/sashabaranov/go-openai v1.23.1/go.mod h1:lj5b/K+zjTSFxVLijLSTDZuP7adOgerWeFyZLUhAKRg=
github.com/sashabaranov/go-openai v1.24.0 h1:4H4Pg8Bl2RH/YSnU8DYumZbuHnnkfioor/dtNlB20D4=
github.com/sashabaranov/go-openai v1.24.0/go.mod h1:lj5b/K+zjTSFxVLijLSTDZuP7adOgerWeFyZLUhAKRg=
github.com/sashabaranov/go-openai v1.24.1 h1:DWK95XViNb+agQtuzsn+FyHhn3HQJ7Va8z04DQDJ1MI=
github.com/sashabaranov/go-openai v1.24.1/go.mod h1:lj5b/K+zjTSFxVLijLSTDZuP7adOgerWeFyZLUhAKRg=
github.com/sashabaranov/go-openai v1.24.2 h1:DZxL5CGahIeRcseuJhvMSMT5SVs1urfVZG9c6/Lyn7M=
github.com/sashabaranov/go-openai v1.24.2/go.mod h1:lj5b/K+zjTSFxVLijLSTDZuP7adOgerWeFyZLUhAKRg=
github.com/sashabaranov/go-openai v1.25.0 h1:3h3DtJ55zQJqc+BR4y/iTcPhLk4pewJpyO+MXW2RdW0=
github.com/sashabaranov/go-openai v1.25.0/go.mod h1:lj5b/K+zjTSFxVLijLSTDZuP7adOgerWeFyZLUhAKRg=
github.com/sashabaranov/go-openai v1.26.0 h1:upM565hxdqvCxNzuAcEBZ1XsfGehH0/9kgk9rFVpDxQ=
github.com/sashabaranov/go-openai v1.26.0/go.mod h1:lj5b/K+zjTSFxVLijLSTDZuP7adOgerWeFyZLUhAKRg=
github.com/sashabaranov/go-openai v1.26.1 h1:B5plrmc/r7hKgYX69oT2VSt5w0O6u9BJYTjB8lNCesI=
github.com/sashabaranov/go-openai v1.26.1/go.mod h1:lj5b/K+zjTSFxVLijLSTDZuP7adOgerWeFyZLUhAKRg=
github.com/sashabaranov/go-openai v1.26.2 h1:cVlQa3gn3eYqNXRW03pPlpy6zLG52EU4g0FrWXc0EFI=
github.com/sashabaranov/go-openai v1.26.2/go.mod h1:lj5b/K+zjTSFxVLijLSTDZuP7adOgerWeFyZLUhAKRg=
github.com/sashabaranov/go-openai v1.26.3 h1:Tjnh4rcvsSU68f66r05mys+Zou4vo4qyvkne6AIRJPI=
github.com/sashabaranov/go-openai v1.26.3/go.mod h1:lj5b/K+zjTSFxVLijLSTDZuP7adOgerWeFyZLUhAKRg=
